// !$*UTF8*$!
{
	archiveVersion = 1;
	classes = {
	};
	objectVersion = 56;
	objects = {

/* Begin PBXBuildFile section */
		E21E6FF628EB43B900E7B7FC /* AppDelegate.swift in Sources */ = {isa = PBXBuildFile; fileRef = E21E6FF528EB43B900E7B7FC /* AppDelegate.swift */; };
		E21E6FF828EB43B900E7B7FC /* SceneDelegate.swift in Sources */ = {isa = PBXBuildFile; fileRef = E21E6FF728EB43B900E7B7FC /* SceneDelegate.swift */; };
		E21E6FFF28EB43BB00E7B7FC /* Assets.xcassets in Resources */ = {isa = PBXBuildFile; fileRef = E21E6FFE28EB43BB00E7B7FC /* Assets.xcassets */; };
		E21E700228EB43BB00E7B7FC /* LaunchScreen.storyboard in Resources */ = {isa = PBXBuildFile; fileRef = E21E700028EB43BB00E7B7FC /* LaunchScreen.storyboard */; };
		E21E701028EB47C300E7B7FC /* StoragePhotoVC.swift in Sources */ = {isa = PBXBuildFile; fileRef = E21E700F28EB47C300E7B7FC /* StoragePhotoVC.swift */; };
		E21E701328EB47F500E7B7FC /* NotesVC.swift in Sources */ = {isa = PBXBuildFile; fileRef = E21E701228EB47F500E7B7FC /* NotesVC.swift */; };
		E21E701628EB481B00E7B7FC /* StoragePassVC.swift in Sources */ = {isa = PBXBuildFile; fileRef = E21E701528EB481B00E7B7FC /* StoragePassVC.swift */; };
/* End PBXBuildFile section */

/* Begin PBXFileReference section */
		E21E6FF228EB43B900E7B7FC /* SaveApp.app */ = {isa = PBXFileReference; explicitFileType = wrapper.application; includeInIndex = 0; path = SaveApp.app; sourceTree = BUILT_PRODUCTS_DIR; };
		E21E6FF528EB43B900E7B7FC /* AppDelegate.swift */ = {isa = PBXFileReference; lastKnownFileType = sourcecode.swift; path = AppDelegate.swift; sourceTree = "<group>"; };
		E21E6FF728EB43B900E7B7FC /* SceneDelegate.swift */ = {isa = PBXFileReference; lastKnownFileType = sourcecode.swift; path = SceneDelegate.swift; sourceTree = "<group>"; };
		E21E6FFE28EB43BB00E7B7FC /* Assets.xcassets */ = {isa = PBXFileReference; lastKnownFileType = folder.assetcatalog; path = Assets.xcassets; sourceTree = "<group>"; };
		E21E700128EB43BB00E7B7FC /* Base */ = {isa = PBXFileReference; lastKnownFileType = file.storyboard; name = Base; path = Base.lproj/LaunchScreen.storyboard; sourceTree = "<group>"; };
		E21E700328EB43BB00E7B7FC /* Info.plist */ = {isa = PBXFileReference; lastKnownFileType = text.plist.xml; path = Info.plist; sourceTree = "<group>"; };
		E21E700F28EB47C300E7B7FC /* StoragePhotoVC.swift */ = {isa = PBXFileReference; lastKnownFileType = sourcecode.swift; path = StoragePhotoVC.swift; sourceTree = "<group>"; };
		E21E701228EB47F500E7B7FC /* NotesVC.swift */ = {isa = PBXFileReference; lastKnownFileType = sourcecode.swift; path = NotesVC.swift; sourceTree = "<group>"; };
		E21E701528EB481B00E7B7FC /* StoragePassVC.swift */ = {isa = PBXFileReference; lastKnownFileType = sourcecode.swift; path = StoragePassVC.swift; sourceTree = "<group>"; };
/* End PBXFileReference section */

/* Begin PBXFrameworksBuildPhase section */
		E21E6FEF28EB43B900E7B7FC /* Frameworks */ = {
			isa = PBXFrameworksBuildPhase;
			buildActionMask = 2147483647;
			files = (
			);
			runOnlyForDeploymentPostprocessing = 0;
		};
/* End PBXFrameworksBuildPhase section */

/* Begin PBXGroup section */
		E21E6FE928EB43B900E7B7FC = {
			isa = PBXGroup;
			children = (
				E21E6FF428EB43B900E7B7FC /* SaveApp */,
				E21E6FF328EB43B900E7B7FC /* Products */,
			);
			sourceTree = "<group>";
		};
		E21E6FF328EB43B900E7B7FC /* Products */ = {
			isa = PBXGroup;
			children = (
				E21E6FF228EB43B900E7B7FC /* SaveApp.app */,
			);
			name = Products;
			sourceTree = "<group>";
		};
		E21E6FF428EB43B900E7B7FC /* SaveApp */ = {
			isa = PBXGroup;
			children = (
				E21E6FF528EB43B900E7B7FC /* AppDelegate.swift */,
				E21E6FF728EB43B900E7B7FC /* SceneDelegate.swift */,
				E21E700928EB46E900E7B7FC /* Store Photo */,
				E21E700A28EB46FD00E7B7FC /* Notes */,
				E21E700B28EB470F00E7B7FC /* StorePass */,
				E21E700C28EB473000E7B7FC /* Autorisation */,
				E21E6FFE28EB43BB00E7B7FC /* Assets.xcassets */,
				E21E700028EB43BB00E7B7FC /* LaunchScreen.storyboard */,
				E21E700328EB43BB00E7B7FC /* Info.plist */,
			);
			path = SaveApp;
			sourceTree = "<group>";
		};
		E21E700928EB46E900E7B7FC /* Store Photo */ = {
			isa = PBXGroup;
			children = (
				E21E700E28EB475E00E7B7FC /* Model */,
				E21E700D28EB475600E7B7FC /* UI */,
			);
			path = "Store Photo";
			sourceTree = "<group>";
		};
		E21E700A28EB46FD00E7B7FC /* Notes */ = {
			isa = PBXGroup;
			children = (
				E21E701128EB47D900E7B7FC /* UI */,
			);
			path = Notes;
			sourceTree = "<group>";
		};
		E21E700B28EB470F00E7B7FC /* StorePass */ = {
			isa = PBXGroup;
			children = (
				E21E701428EB480100E7B7FC /* UI */,
			);
			path = StorePass;
			sourceTree = "<group>";
		};
		E21E700C28EB473000E7B7FC /* Autorisation */ = {
			isa = PBXGroup;
			children = (
			);
			path = Autorisation;
			sourceTree = "<group>";
		};
		E21E700D28EB475600E7B7FC /* UI */ = {
			isa = PBXGroup;
			children = (
				E21E700F28EB47C300E7B7FC /* StoragePhotoVC.swift */,
			);
			path = UI;
			sourceTree = "<group>";
		};
		E21E700E28EB475E00E7B7FC /* Model */ = {
			isa = PBXGroup;
			children = (
			);
			path = Model;
			sourceTree = "<group>";
		};
		E21E701128EB47D900E7B7FC /* UI */ = {
			isa = PBXGroup;
			children = (
				E21E701228EB47F500E7B7FC /* NotesVC.swift */,
			);
			path = UI;
			sourceTree = "<group>";
		};
		E21E701428EB480100E7B7FC /* UI */ = {
			isa = PBXGroup;
			children = (
				E21E701528EB481B00E7B7FC /* StoragePassVC.swift */,
			);
			path = UI;
			sourceTree = "<group>";
		};
/* End PBXGroup section */

/* Begin PBXNativeTarget section */
		E21E6FF128EB43B900E7B7FC /* SaveApp */ = {
			isa = PBXNativeTarget;
			buildConfigurationList = E21E700628EB43BB00E7B7FC /* Build configuration list for PBXNativeTarget "SaveApp" */;
			buildPhases = (
				E21E6FEE28EB43B900E7B7FC /* Sources */,
				E21E6FEF28EB43B900E7B7FC /* Frameworks */,
				E21E6FF028EB43B900E7B7FC /* Resources */,
			);
			buildRules = (
			);
			dependencies = (
			);
			name = SaveApp;
			productName = SaveApp;
			productReference = E21E6FF228EB43B900E7B7FC /* SaveApp.app */;
			productType = "com.apple.product-type.application";
		};
/* End PBXNativeTarget section */

/* Begin PBXProject section */
		E21E6FEA28EB43B900E7B7FC /* Project object */ = {
			isa = PBXProject;
			attributes = {
				BuildIndependentTargetsInParallel = 1;
				LastSwiftUpdateCheck = 1400;
				LastUpgradeCheck = 1400;
				TargetAttributes = {
					E21E6FF128EB43B900E7B7FC = {
						CreatedOnToolsVersion = 14.0;
					};
				};
			};
			buildConfigurationList = E21E6FED28EB43B900E7B7FC /* Build configuration list for PBXProject "SaveApp" */;
			compatibilityVersion = "Xcode 14.0";
			developmentRegion = en;
			hasScannedForEncodings = 0;
			knownRegions = (
				en,
				Base,
			);
			mainGroup = E21E6FE928EB43B900E7B7FC;
			productRefGroup = E21E6FF328EB43B900E7B7FC /* Products */;
			projectDirPath = "";
			projectRoot = "";
			targets = (
				E21E6FF128EB43B900E7B7FC /* SaveApp */,
			);
		};
/* End PBXProject section */

/* Begin PBXResourcesBuildPhase section */
		E21E6FF028EB43B900E7B7FC /* Resources */ = {
			isa = PBXResourcesBuildPhase;
			buildActionMask = 2147483647;
			files = (
				E21E700228EB43BB00E7B7FC /* LaunchScreen.storyboard in Resources */,
				E21E6FFF28EB43BB00E7B7FC /* Assets.xcassets in Resources */,
			);
			runOnlyForDeploymentPostprocessing = 0;
		};
/* End PBXResourcesBuildPhase section */

/* Begin PBXSourcesBuildPhase section */
		E21E6FEE28EB43B900E7B7FC /* Sources */ = {
			isa = PBXSourcesBuildPhase;
			buildActionMask = 2147483647;
			files = (
				E21E701628EB481B00E7B7FC /* StoragePassVC.swift in Sources */,
				E21E701328EB47F500E7B7FC /* NotesVC.swift in Sources */,
				E21E6FF628EB43B900E7B7FC /* AppDelegate.swift in Sources */,
				E21E6FF828EB43B900E7B7FC /* SceneDelegate.swift in Sources */,
				E21E701028EB47C300E7B7FC /* StoragePhotoVC.swift in Sources */,
			);
			runOnlyForDeploymentPostprocessing = 0;
		};
/* End PBXSourcesBuildPhase section */

/* Begin PBXVariantGroup section */
		E21E700028EB43BB00E7B7FC /* LaunchScreen.storyboard */ = {
			isa = PBXVariantGroup;
			children = (
				E21E700128EB43BB00E7B7FC /* Base */,
			);
			name = LaunchScreen.storyboard;
			sourceTree = "<group>";
		};
/* End PBXVariantGroup section */

/* Begin XCBuildConfiguration section */
		E21E700428EB43BB00E7B7FC /* Debug */ = {
			isa = XCBuildConfiguration;
			buildSettings = {
				ALWAYS_SEARCH_USER_PATHS = NO;
				CLANG_ANALYZER_NONNULL = YES;
				CLANG_ANALYZER_NUMBER_OBJECT_CONVERSION = YES_AGGRESSIVE;
				CLANG_CXX_LANGUAGE_STANDARD = "gnu++20";
				CLANG_ENABLE_MODULES = YES;
				CLANG_ENABLE_OBJC_ARC = YES;
				CLANG_ENABLE_OBJC_WEAK = YES;
				CLANG_WARN_BLOCK_CAPTURE_AUTORELEASING = YES;
				CLANG_WARN_BOOL_CONVERSION = YES;
				CLANG_WARN_COMMA = YES;
				CLANG_WARN_CONSTANT_CONVERSION = YES;
				CLANG_WARN_DEPRECATED_OBJC_IMPLEMENTATIONS = YES;
				CLANG_WARN_DIRECT_OBJC_ISA_USAGE = YES_ERROR;
				CLANG_WARN_DOCUMENTATION_COMMENTS = YES;
				CLANG_WARN_EMPTY_BODY = YES;
				CLANG_WARN_ENUM_CONVERSION = YES;
				CLANG_WARN_INFINITE_RECURSION = YES;
				CLANG_WARN_INT_CONVERSION = YES;
				CLANG_WARN_NON_LITERAL_NULL_CONVERSION = YES;
				CLANG_WARN_OBJC_IMPLICIT_RETAIN_SELF = YES;
				CLANG_WARN_OBJC_LITERAL_CONVERSION = YES;
				CLANG_WARN_OBJC_ROOT_CLASS = YES_ERROR;
				CLANG_WARN_QUOTED_INCLUDE_IN_FRAMEWORK_HEADER = YES;
				CLANG_WARN_RANGE_LOOP_ANALYSIS = YES;
				CLANG_WARN_STRICT_PROTOTYPES = YES;
				CLANG_WARN_SUSPICIOUS_MOVE = YES;
				CLANG_WARN_UNGUARDED_AVAILABILITY = YES_AGGRESSIVE;
				CLANG_WARN_UNREACHABLE_CODE = YES;
				CLANG_WARN__DUPLICATE_METHOD_MATCH = YES;
				COPY_PHASE_STRIP = NO;
				DEBUG_INFORMATION_FORMAT = dwarf;
				ENABLE_STRICT_OBJC_MSGSEND = YES;
				ENABLE_TESTABILITY = YES;
				GCC_C_LANGUAGE_STANDARD = gnu11;
				GCC_DYNAMIC_NO_PIC = NO;
				GCC_NO_COMMON_BLOCKS = YES;
				GCC_OPTIMIZATION_LEVEL = 0;
				GCC_PREPROCESSOR_DEFINITIONS = (
					"DEBUG=1",
					"$(inherited)",
				);
				GCC_WARN_64_TO_32_BIT_CONVERSION = YES;
				GCC_WARN_ABOUT_RETURN_TYPE = YES_ERROR;
				GCC_WARN_UNDECLARED_SELECTOR = YES;
				GCC_WARN_UNINITIALIZED_AUTOS = YES_AGGRESSIVE;
				GCC_WARN_UNUSED_FUNCTION = YES;
				GCC_WARN_UNUSED_VARIABLE = YES;
				IPHONEOS_DEPLOYMENT_TARGET = 16.0;
				MTL_ENABLE_DEBUG_INFO = INCLUDE_SOURCE;
				MTL_FAST_MATH = YES;
				ONLY_ACTIVE_ARCH = YES;
				SDKROOT = iphoneos;
				SWIFT_ACTIVE_COMPILATION_CONDITIONS = DEBUG;
				SWIFT_OPTIMIZATION_LEVEL = "-Onone";
			};
			name = Debug;
		};
		E21E700528EB43BB00E7B7FC /* Release */ = {
			isa = XCBuildConfiguration;
			buildSettings = {
				ALWAYS_SEARCH_USER_PATHS = NO;
				CLANG_ANALYZER_NONNULL = YES;
				CLANG_ANALYZER_NUMBER_OBJECT_CONVERSION = YES_AGGRESSIVE;
				CLANG_CXX_LANGUAGE_STANDARD = "gnu++20";
				CLANG_ENABLE_MODULES = YES;
				CLANG_ENABLE_OBJC_ARC = YES;
				CLANG_ENABLE_OBJC_WEAK = YES;
				CLANG_WARN_BLOCK_CAPTURE_AUTORELEASING = YES;
				CLANG_WARN_BOOL_CONVERSION = YES;
				CLANG_WARN_COMMA = YES;
				CLANG_WARN_CONSTANT_CONVERSION = YES;
				CLANG_WARN_DEPRECATED_OBJC_IMPLEMENTATIONS = YES;
				CLANG_WARN_DIRECT_OBJC_ISA_USAGE = YES_ERROR;
				CLANG_WARN_DOCUMENTATION_COMMENTS = YES;
				CLANG_WARN_EMPTY_BODY = YES;
				CLANG_WARN_ENUM_CONVERSION = YES;
				CLANG_WARN_INFINITE_RECURSION = YES;
				CLANG_WARN_INT_CONVERSION = YES;
				CLANG_WARN_NON_LITERAL_NULL_CONVERSION = YES;
				CLANG_WARN_OBJC_IMPLICIT_RETAIN_SELF = YES;
				CLANG_WARN_OBJC_LITERAL_CONVERSION = YES;
				CLANG_WARN_OBJC_ROOT_CLASS = YES_ERROR;
				CLANG_WARN_QUOTED_INCLUDE_IN_FRAMEWORK_HEADER = YES;
				CLANG_WARN_RANGE_LOOP_ANALYSIS = YES;
				CLANG_WARN_STRICT_PROTOTYPES = YES;
				CLANG_WARN_SUSPICIOUS_MOVE = YES;
				CLANG_WARN_UNGUARDED_AVAILABILITY = YES_AGGRESSIVE;
				CLANG_WARN_UNREACHABLE_CODE = YES;
				CLANG_WARN__DUPLICATE_METHOD_MATCH = YES;
				COPY_PHASE_STRIP = NO;
				DEBUG_INFORMATION_FORMAT = "dwarf-with-dsym";
				ENABLE_NS_ASSERTIONS = NO;
				ENABLE_STRICT_OBJC_MSGSEND = YES;
				GCC_C_LANGUAGE_STANDARD = gnu11;
				GCC_NO_COMMON_BLOCKS = YES;
				GCC_WARN_64_TO_32_BIT_CONVERSION = YES;
				GCC_WARN_ABOUT_RETURN_TYPE = YES_ERROR;
				GCC_WARN_UNDECLARED_SELECTOR = YES;
				GCC_WARN_UNINITIALIZED_AUTOS = YES_AGGRESSIVE;
				GCC_WARN_UNUSED_FUNCTION = YES;
				GCC_WARN_UNUSED_VARIABLE = YES;
				IPHONEOS_DEPLOYMENT_TARGET = 16.0;
				MTL_ENABLE_DEBUG_INFO = NO;
				MTL_FAST_MATH = YES;
				SDKROOT = iphoneos;
				SWIFT_COMPILATION_MODE = wholemodule;
				SWIFT_OPTIMIZATION_LEVEL = "-O";
				VALIDATE_PRODUCT = YES;
			};
			name = Release;
		};
		E21E700728EB43BB00E7B7FC /* Debug */ = {
			isa = XCBuildConfiguration;
			buildSettings = {
				ASSETCATALOG_COMPILER_APPICON_NAME = AppIcon;
				ASSETCATALOG_COMPILER_GLOBAL_ACCENT_COLOR_NAME = AccentColor;
				CODE_SIGN_STYLE = Automatic;
				CURRENT_PROJECT_VERSION = 1;
				DEVELOPMENT_TEAM = V75UZGB9LL;
				GENERATE_INFOPLIST_FILE = YES;
				INFOPLIST_FILE = SaveApp/Info.plist;
				INFOPLIST_KEY_UIApplicationSupportsIndirectInputEvents = YES;
				INFOPLIST_KEY_UILaunchStoryboardName = LaunchScreen;
				INFOPLIST_KEY_UIMainStoryboardFile = Main;
				INFOPLIST_KEY_UISupportedInterfaceOrientations_iPad = "UIInterfaceOrientationPortrait UIInterfaceOrientationPortraitUpsideDown UIInterfaceOrientationLandscapeLeft UIInterfaceOrientationLandscapeRight";
				INFOPLIST_KEY_UISupportedInterfaceOrientations_iPhone = "UIInterfaceOrientationPortrait UIInterfaceOrientationLandscapeLeft UIInterfaceOrientationLandscapeRight";
				LD_RUNPATH_SEARCH_PATHS = (
					"$(inherited)",
					"@executable_path/Frameworks",
				);
				MARKETING_VERSION = 1.0;
				PRODUCT_BUNDLE_IDENTIFIER = home.SaveApp;
				PRODUCT_NAME = "$(TARGET_NAME)";
				SWIFT_EMIT_LOC_STRINGS = YES;
				SWIFT_VERSION = 5.0;
				TARGETED_DEVICE_FAMILY = "1,2";
			};
			name = Debug;
		};
		E21E700828EB43BB00E7B7FC /* Release */ = {
			isa = XCBuildConfiguration;
			buildSettings = {
				ASSETCATALOG_COMPILER_APPICON_NAME = AppIcon;
				ASSETCATALOG_COMPILER_GLOBAL_ACCENT_COLOR_NAME = AccentColor;
				CODE_SIGN_STYLE = Automatic;
				CURRENT_PROJECT_VERSION = 1;
				DEVELOPMENT_TEAM = V75UZGB9LL;
				GENERATE_INFOPLIST_FILE = YES;
				INFOPLIST_FILE = SaveApp/Info.plist;
				INFOPLIST_KEY_UIApplicationSupportsIndirectInputEvents = YES;
				INFOPLIST_KEY_UILaunchStoryboardName = LaunchScreen;
				INFOPLIST_KEY_UIMainStoryboardFile = Main;
				INFOPLIST_KEY_UISupportedInterfaceOrientations_iPad = "UIInterfaceOrientationPortrait UIInterfaceOrientationPortraitUpsideDown UIInterfaceOrientationLandscapeLeft UIInterfaceOrientationLandscapeRight";
				INFOPLIST_KEY_UISupportedInterfaceOrientations_iPhone = "UIInterfaceOrientationPortrait UIInterfaceOrientationLandscapeLeft UIInterfaceOrientationLandscapeRight";
				LD_RUNPATH_SEARCH_PATHS = (
					"$(inherited)",
					"@executable_path/Frameworks",
				);
				MARKETING_VERSION = 1.0;
				PRODUCT_BUNDLE_IDENTIFIER = home.SaveApp;
				PRODUCT_NAME = "$(TARGET_NAME)";
				SWIFT_EMIT_LOC_STRINGS = YES;
				SWIFT_VERSION = 5.0;
				TARGETED_DEVICE_FAMILY = "1,2";
			};
			name = Release;
		};
/* End XCBuildConfiguration section */

/* Begin XCConfigurationList section */
		E21E6FED28EB43B900E7B7FC /* Build configuration list for PBXProject "SaveApp" */ = {
			isa = XCConfigurationList;
			buildConfigurations = (
				E21E700428EB43BB00E7B7FC /* Debug */,
				E21E700528EB43BB00E7B7FC /* Release */,
			);
			defaultConfigurationIsVisible = 0;
			defaultConfigurationName = Release;
		};
		E21E700628EB43BB00E7B7FC /* Build configuration list for PBXNativeTarget "SaveApp" */ = {
			isa = XCConfigurationList;
			buildConfigurations = (
				E21E700728EB43BB00E7B7FC /* Debug */,
				E21E700828EB43BB00E7B7FC /* Release */,
			);
			defaultConfigurationIsVisible = 0;
			defaultConfigurationName = Release;
		};
/* End XCConfigurationList section */
	};
	rootObject = E21E6FEA28EB43B900E7B7FC /* Project object */;
}
